lockfileVersion: '9.0'

settings:
  autoInstallPeers: true
  excludeLinksFromLockfile: false

importers:

  .:
    dependencies:
      medium-zoom:
        specifier: ^1.1.0
        version: 1.1.0
    devDependencies:
      vitepress:
        specifier: ^1.0.1
        version: 1.0.1(@algolia/client-search@4.27.0)(async-validator@4.2.5)(postcss@8.5.16)(search-insights@2.17.3)
      vue:
        specifier: ^3.4.21
        version: 3.5.39

packages:

  '@algolia/autocomplete-core@1.9.3':
    resolution: {integrity: sha512-009HdfugtGCdC4JdXUbVJClA0q0zh24yyePn+KUGk3rP7j8FEe/m5Yo/z65gn6nP/cM39PxpzqKrL7A6fP6PPw==}

  '@algolia/autocomplete-plugin-algolia-insights@1.9.3':
    resolution: {integrity: sha512-a/yTUkcO/Vyy+JffmAnTWbr4/90cLzw+CC3bRbhnULr/EM0fGNvM13oQQ14f2moLMcVDyAx/leczLlAOovhSZg==}
    peerDependencies:
      search-insights: '>= 1 < 3'

  '@algolia/autocomplete-preset-algolia@1.9.3':
    resolution: {integrity: sha512-d4qlt6YmrLMYy95n5TB52wtNDr6EgAIPH81dvvvW8UmuWRgxEtY0NJiPwl/h95JtG2vmRM804M0DSwMCNZlzRA==}
    peerDependencies:
      '@algolia/client-search': '>= 4.9.1 < 6'
      algoliasearch: '>= 4.9.1 < 6'

  '@algolia/autocomplete-shared@1.9.3':
    resolution: {integrity: sha512-Wnm9E4Ye6Rl6sTTqjoymD+l8DjSTHsHboVRYrKgEt8Q7UHm9nYbqhN/i0fhUYA3OAEH7WA8x3jfpnmJm3rKvaQ==}
    peerDependencies:
      '@algolia/client-search': '>= 4.9.1 < 6'
      algoliasearch: '>= 4.9.1 < 6'

  '@algolia/cache-browser-local-storage@4.27.0':
    resolution: {integrity: sha512-YGog2s57sO20lvpa+hv5XLAAmiTI1kHsCMRtPVfiaOdIQnvRla21lfH08onqEbZihOPVI8GULwt79zQB2ymKzg==}

  '@algolia/cache-common@4.27.0':
    resolution: {integrity: sha512-Sr8zjNXj82p6lO4W9CdzfF0m0/9h/H6VAdSHOTtimm/cTzXIYXRI2IZq7+Nt2ljJ7Ukx+7dIFcxQjE57eQSPsw==}

  '@algolia/cache-in-memory@4.27.0':
    resolution: {integrity: sha512-abgMRTcVD0IllNvMM9JFhxtyLn1v6Ey7mQ7+BGS3JCzvkCX7KZqlS0BIuVUDgx9sPIfOeNsG/awGzMmP50TwZw==}

  '@algolia/client-account@4.27.0':
    resolution: {integrity: sha512-sSHxwrKTKJrwfoR/LcQJZfmiWJcM5d9Rp7afMChxOcdGdkSdIwrNBC8SCcHRenA3GsZ6mg+j6px7KWYxJ34btA==}

  '@algolia/client-analytics@4.27.0':
    resolution: {integrity: sha512-MqIDyxODljn9ZC4oqjQD0kez2a4zjIJ9ywA/b7cIiUiK/tDjZNTVjYd9WXMKQlXnWUwfrfXJZClVVqN1iCXS+Q==}

  '@algolia/client-common@4.27.0':
    resolution: {integrity: sha512-ZrT6l/YPQgyIUuBCxcYPeXol2VBLUMuNb1rKXrm6z1f/iTiwqtnEEb16/6CC11+Re0ZGXrdcMVrgDRrzveQ1aQ==}

  '@algolia/client-personalization@4.27.0':
    resolution: {integrity: sha512-OZqaFFVm+10hAlmxpiTWi/o2n+YKBESbSqSy2yXAumPH/kaK4moJHFblbh8IkV3KZR0lLm4hzPtn8Q2nWNiDUA==}

  '@algolia/client-search@4.27.0':
    resolution: {integrity: sha512-qmX/f67ay0eZ4V5Io8fWWOcUVo/gqre2yei1PnmEhQU2Gul6ushg25QnNrfu4BODiRrw1rwYveZaLCiHvcUxrQ==}

  '@algolia/logger-common@4.27.0':
    resolution: {integrity: sha512-pIrmQRXtDV+zTMVXKtKCosC2rWhn0F0TdUeb9etA6RiAz6jY6bY6f0+JX7YekDK09SnmZMLIyUa7Jci+Ied9bw==}

  '@algolia/logger-console@4.27.0':
    resolution: {integrity: sha512-UWvta8BxsR/u5z9eI088mOSLQaGtmoCtXeN3DYJurlxAdJwPuKtEb5+433kxA6/E9f2/JgoW89KZ1vNP9pcHBQ==}

  '@algolia/recommend@4.27.0':
    resolution: {integrity: sha512-CFy54xDjrsazPi3KN04yPmLRDT72AKokc3RLOdWQvG0/uEUjj7dhWqe9qenxpL4ydsjO7S1eY5YqmX+uMGonlg==}

  '@algolia/requester-browser-xhr@4.27.0':
    resolution: {integrity: sha512-dTenMBIIpyp5o3C2ZnfbsuSlD/lL9jPkk6T+2+qm38fyw2nf49ANbcHFE79NgiGrnmw7QrYveCs9NIP3Wk4v6g==}

  '@algolia/requester-common@4.27.0':
    resolution: {integrity: sha512-VC3prAQVgWTubMStb3mJz6i61Hqbtagi2LeIbgNtoFJFff3XZDcAaO1D5r0GYl2+DrB2VzUHnQXbkiuI+HHYyg==}

  '@algolia/requester-node-http@4.27.0':
    resolution: {integrity: sha512-y8nUqaUQeSOQ5oaNo0b2QPznyBFW9LoIwljyUphJ+gUZpU6O/j2/C8ovoqDpIe6J0etqHg5RCcBizrCFZuLpyw==}

  '@algolia/transporter@4.27.0':
    resolution: {integrity: sha512-PvSbELU4VjN3xSX79ki+zIdOGhTxyJXWvRDzkUjfTx2iNfPWDdTjzKbP1o+268coJztxrkuBwJz90Urek7o1Kw==}

  '@babel/helper-string-parser@7.29.7':
    resolution: {integrity: sha512-Pb5ijPrZ89GDH8223L4UP8i6QApWxs04RbPQJTeWDV0/keR2E36MeKnyr6LYmUUvqRRI+Iv87SuF1W6ErINzYw==}
    engines: {node: '>=6.9.0'}

  '@babel/helper-validator-identifier@7.29.7':
    resolution: {integrity: sha512-qehxGkRj55h/ff8EMaJ+cYhyaKlHIxqYDn682wQD7RNp9UujOQsHog2uS0r2vzr4pW+sXf90NeeayjcNaX3fFg==}
    engines: {node: '>=6.9.0'}

  '@babel/parser@7.29.7':
    resolution: {integrity: sha512-hnORnjP/1P/zFEndoeX+n+t1RwWRJiJpM/jO7FW32Kn9r5+sJB2JWOdYo4L6k78j15eCwY3Gm/7364B1EMwtNg==}
    engines: {node: '>=6.0.0'}
    hasBin: true

  '@babel/types@7.29.7':
    resolution: {integrity: sha512-4zBIxpPzowiZpusoFkyGVwakdRJUyuH5PxQ/PrqghfdFWWasvnCdPfQXHrenDai+gyLARulZjZowCOj6fjT4pA==}
    engines: {node: '>=6.9.0'}

  '@docsearch/css@3.6.0':
    resolution: {integrity: sha512-+sbxb71sWre+PwDK7X2T8+bhS6clcVMLwBPznX45Qu6opJcgRjAp7gYSDzVFp187J+feSj5dNBN1mJoi6ckkUQ==}

  '@docsearch/js@3.6.0':
    resolution: {integrity: sha512-QujhqINEElrkIfKwyyyTfbsfMAYCkylInLYMRqHy7PHc8xTBQCow73tlo/Kc7oIwBrCLf0P3YhjlOeV4v8hevQ==}

  '@docsearch/react@3.6.0':
    resolution: {integrity: sha512-HUFut4ztcVNmqy9gp/wxNbC7pTOHhgVVkHVGCACTuLhUKUhKAF9KYHJtMiLUJxEqiFLQiuri1fWF8zqwM/cu1w==}
    peerDependencies:
      '@types/react': '>= 16.8.0 < 19.0.0'
      react: '>= 16.8.0 < 19.0.0'
      react-dom: '>= 16.8.0 < 19.0.0'
      search-insights: '>= 1 < 3'
    peerDependenciesMeta:
      '@types/react':
        optional: true
      react:
        optional: true
      react-dom:
        optional: true
      search-insights:
        optional: true

  '@esbuild/aix-ppc64@0.20.1':
    resolution: {integrity: sha512-m55cpeupQ2DbuRGQMMZDzbv9J9PgVelPjlcmM5kxHnrBdBx6REaEd7LamYV7Dm8N7rCyR/XwU6rVP8ploKtIkA==}
    engines: {node: '>=12'}
    cpu: [ppc64]
    os: [aix]

  '@esbuild/android-arm64@0.20.1':
    resolution: {integrity: sha512-hCnXNF0HM6AjowP+Zou0ZJMWWa1VkD77BXe959zERgGJBBxB+sV+J9f/rcjeg2c5bsukD/n17RKWXGFCO5dD5A==}
    engines: {node: '>=12'}
    cpu: [arm64]
    os: [android]

  '@esbuild/android-arm@0.20.1':
    resolution: {integrity: sha512-4j0+G27/2ZXGWR5okcJi7pQYhmkVgb4D7UKwxcqrjhvp5TKWx3cUjgB1CGj1mfdmJBQ9VnUGgUhign+FPF2Zgw==}
    engines: {node: '>=12'}
    cpu: [arm]
    os: [android]

  '@esbuild/android-x64@0.20.1':
    resolution: {integrity: sha512-MSfZMBoAsnhpS+2yMFYIQUPs8Z19ajwfuaSZx+tSl09xrHZCjbeXXMsUF/0oq7ojxYEpsSo4c0SfjxOYXRbpaA==}
    engines: {node: '>=12'}
    cpu: [x64]
    os: [android]

  '@esbuild/darwin-arm64@0.20.1':
    resolution: {integrity: sha512-Ylk6rzgMD8klUklGPzS414UQLa5NPXZD5tf8JmQU8GQrj6BrFA/Ic9tb2zRe1kOZyCbGl+e8VMbDRazCEBqPvA==}
    engines: {node: '>=12'}
    cpu: [arm64]
    os: [darwin]

  '@esbuild/darwin-x64@0.20.1':
    resolution: {integrity: sha512-pFIfj7U2w5sMp52wTY1XVOdoxw+GDwy9FsK3OFz4BpMAjvZVs0dT1VXs8aQm22nhwoIWUmIRaE+4xow8xfIDZA==}
    engines: {node: '>=12'}
    cpu: [x64]
    os: [darwin]

  '@esbuild/freebsd-arm64@0.20.1':
    resolution: {integrity: sha512-UyW1WZvHDuM4xDz0jWun4qtQFauNdXjXOtIy7SYdf7pbxSWWVlqhnR/T2TpX6LX5NI62spt0a3ldIIEkPM6RHw==}
    engines: {node: '>=12'}
    cpu: [arm64]
    os: [freebsd]

  '@esbuild/freebsd-x64@0.20.1':
    resolution: {integrity: sha512-itPwCw5C+Jh/c624vcDd9kRCCZVpzpQn8dtwoYIt2TJF3S9xJLiRohnnNrKwREvcZYx0n8sCSbvGH349XkcQeg==}
    engines: {node: '>=12'}
    cpu: [x64]
    os: [freebsd]

  '@esbuild/linux-arm64@0.20.1':
    resolution: {integrity: sha512-cX8WdlF6Cnvw/DO9/X7XLH2J6CkBnz7Twjpk56cshk9sjYVcuh4sXQBy5bmTwzBjNVZze2yaV1vtcJS04LbN8w==}
    engines: {node: '>=12'}
    cpu: [arm64]
    os: [linux]

  '@esbuild/linux-arm@0.20.1':
    resolution: {integrity: sha512-LojC28v3+IhIbfQ+Vu4Ut5n3wKcgTu6POKIHN9Wpt0HnfgUGlBuyDDQR4jWZUZFyYLiz4RBBBmfU6sNfn6RhLw==}
    engines: {node: '>=12'}
    cpu: [arm]
    os: [linux]

  '@esbuild/linux-ia32@0.20.1':
    resolution: {integrity: sha512-4H/sQCy1mnnGkUt/xszaLlYJVTz3W9ep52xEefGtd6yXDQbz/5fZE5dFLUgsPdbUOQANcVUa5iO6g3nyy5BJiw==}
    engines: {node: '>=12'}
    cpu: [ia32]
    os: [linux]

  '@esbuild/linux-loong64@0.20.1':
    resolution: {integrity: sha512-c0jgtB+sRHCciVXlyjDcWb2FUuzlGVRwGXgI+3WqKOIuoo8AmZAddzeOHeYLtD+dmtHw3B4Xo9wAUdjlfW5yYA==}
    engines: {node: '>=12'}
    cpu: [loong64]
    os: [linux]

  '@esbuild/linux-mips64el@0.20.1':
    resolution: {integrity: sha512-TgFyCfIxSujyuqdZKDZ3yTwWiGv+KnlOeXXitCQ+trDODJ+ZtGOzLkSWngynP0HZnTsDyBbPy7GWVXWaEl6lhA==}
    engines: {node: '>=12'}
    cpu: [mips64el]
    os: [linux]

  '@esbuild/linux-ppc64@0.20.1':
    resolution: {integrity: sha512-b+yuD1IUeL+Y93PmFZDZFIElwbmFfIKLKlYI8M6tRyzE6u7oEP7onGk0vZRh8wfVGC2dZoy0EqX1V8qok4qHaw==}
    engines: {node: '>=12'}
    cpu: [ppc64]
    os: [linux]

  '@esbuild/linux-riscv64@0.20.1':
    resolution: {integrity: sha512-wpDlpE0oRKZwX+GfomcALcouqjjV8MIX8DyTrxfyCfXxoKQSDm45CZr9fanJ4F6ckD4yDEPT98SrjvLwIqUCgg==}
    engines: {node: '>=12'}
    cpu: [riscv64]
    os: [linux]

  '@esbuild/linux-s390x@0.20.1':
    resolution: {integrity: sha512-5BepC2Au80EohQ2dBpyTquqGCES7++p7G+7lXe1bAIvMdXm4YYcEfZtQrP4gaoZ96Wv1Ute61CEHFU7h4FMueQ==}
    engines: {node: '>=12'}
    cpu: [s390x]
    os: [linux]

  '@esbuild/linux-x64@0.20.1':
    resolution: {integrity: sha512-5gRPk7pKuaIB+tmH+yKd2aQTRpqlf1E4f/mC+tawIm/CGJemZcHZpp2ic8oD83nKgUPMEd0fNanrnFljiruuyA==}
    engines: {node: '>=12'}
    cpu: [x64]
    os: [linux]

  '@esbuild/netbsd-x64@0.20.1':
    resolution: {integrity: sha512-4fL68JdrLV2nVW2AaWZBv3XEm3Ae3NZn/7qy2KGAt3dexAgSVT+Hc97JKSZnqezgMlv9x6KV0ZkZY7UO5cNLCg==}
    engines: {node: '>=12'}
    cpu: [x64]
    os: [netbsd]

  '@esbuild/openbsd-x64@0.20.1':
    resolution: {integrity: sha512-GhRuXlvRE+twf2ES+8REbeCb/zeikNqwD3+6S5y5/x+DYbAQUNl0HNBs4RQJqrechS4v4MruEr8ZtAin/hK5iw==}
    engines: {node: '>=12'}
    cpu: [x64]
    os: [openbsd]

  '@esbuild/sunos-x64@0.20.1':
    resolution: {integrity: sha512-ZnWEyCM0G1Ex6JtsygvC3KUUrlDXqOihw8RicRuQAzw+c4f1D66YlPNNV3rkjVW90zXVsHwZYWbJh3v+oQFM9Q==}
    engines: {node: '>=12'}
    cpu: [x64]
    os: [sunos]

  '@esbuild/win32-arm64@0.20.1':
    resolution: {integrity: sha512-QZ6gXue0vVQY2Oon9WyLFCdSuYbXSoxaZrPuJ4c20j6ICedfsDilNPYfHLlMH7vGfU5DQR0czHLmJvH4Nzis/A==}
    engines: {node: '>=12'}
    cpu: [arm64]
    os: [win32]

  '@esbuild/win32-ia32@0.20.1':
    resolution: {integrity: sha512-HzcJa1NcSWTAU0MJIxOho8JftNp9YALui3o+Ny7hCh0v5f90nprly1U3Sj1Ldj/CvKKdvvFsCRvDkpsEMp4DNw==}
    engines: {node: '>=12'}
    cpu: [ia32]
    os: [win32]

  '@esbuild/win32-x64@0.20.1':
    resolution: {integrity: sha512-0MBh53o6XtI6ctDnRMeQ+xoCN8kD2qI1rY1KgF/xdWQwoFeKou7puvDfV8/Wv4Ctx2rRpET/gGdz3YlNtNACSA==}
    engines: {node: '>=12'}
    cpu: [x64]
    os: [win32]

  '@jridgewell/sourcemap-codec@1.5.5':
    resolution: {integrity: sha512-cYQ9310grqxueWbl+WuIUIaiUaDcj7WOq5fVhEljNVgRfOUhY9fy2zTvfoqWsnebh8Sl70VScFbICvJnLKB0Og==}

  '@rollup/rollup-android-arm-eabi@4.62.2':
    resolution: {integrity: sha512-6o7ZLZK+BeenkZCFNDXqpbjw9bD6nuWonvS/lwQJp7NoVVxm6p3qE7qQ5jGuBjiFsgvqjD8mZAU5oWxTmbOeOg==}
    cpu: [arm]
    os: [android]

  '@rollup/rollup-android-arm64@4.62.2':
    resolution: {integrity: sha512-BaH7BllCACHoH1LguOU56UItGfUWjujlO65kS9LAodViaN4bwIKd7oeW/ZHJ/4ljr/7MIiENnNy3HJ0zXv8Zkw==}
    cpu: [arm64]
    os: [android]

  '@rollup/rollup-darwin-arm64@4.62.2':
    resolution: {integrity: sha512-v39RCCvj4He82I9sFmk+M1VZ0PLM9sfsLVikjfx2hYBNALhrrOR2D3JjQA6AhlaSOgcR+RzrKY7e1+bT6SUO/A==}
    cpu: [arm64]
    os: [darwin]

  '@rollup/rollup-darwin-x64@4.62.2':
    resolution: {integrity: sha512-yl0y2vq3S3lHeuXhEdss6TWfKW8vkujImO12tn4ZkG/4oghr09LvdYm2RElVjokTQiUvDUGXLGsYeLqUMCKpGA==}
    cpu: [x64]
    os: [darwin]

  '@rollup/rollup-freebsd-arm64@4.62.2':
    resolution: {integrity: sha512-tT4pvt4qXD+vEoezupCWi+a1F0vvDiksiHc+PxRlYTOH1I6/X4id9jPxTP+Fg+545euaFT1jJVs4CEdHZAU1vw==}
    cpu: [arm64]
    os: [freebsd]

  '@rollup/rollup-freebsd-x64@4.62.2':
    resolution: {integrity: sha512-6nU5F2wCW+qvCBhTn1pdIU3bzsIoF7EUwsCDRxilWGprQR6yd508YnH9+OKFCwpfS8pjZqDUmnCAr7exax0XCg==}
    cpu: [x64]
    os: [freebsd]

  '@rollup/rollup-linux-arm-gnueabihf@4.62.2':
    resolution: {integrity: sha512-n1GJHPOvpIfhi3TmrCeh6S6URt9BFCt0KQE3qvexyGCTAKpR4Lg+eWvNZEqu7epxwus/8ElT3hacYEucm49SZg==}
    cpu: [arm]
    os: [linux]
    libc: [glibc]

  '@rollup/rollup-linux-arm-musleabihf@4.62.2':
    resolution: {integrity: sha512-JqgflS8wEB+UXV/vS1RpRbifGBeN4D5lz8D8oOFbFZw4vedvdOgCFAjfBmIMdW3yL10XpQQ0Ambepw6MXrhOnA==}
    cpu: [arm]
    os: [linux]
    libc: [musl]

  '@rollup/rollup-linux-arm64-gnu@4.62.2':
    resolution: {integrity: sha512-wnFJkogWvN4jm/hQRF2UBaeUmk20j5+DmHvoyWii2b8HJDyvz1MF2OU/6ynXt2KR63rbZLWkFpoytpdc/yBuSA==}
    cpu: [arm64]
    os: [linux]
    libc: [glibc]

  '@rollup/rollup-linux-arm64-musl@4.62.2':
    resolution: {integrity: sha512-HVu2bp0zhvJ8xHEV9+UUs7S90VadmBSY3LcIMvozbPo4AuMGDWlz3ymHLHZPX4hR67TKTt8Qp5PJ5RBg/i+RMQ==}
    cpu: [arm64]
    os: [linux]
    libc: [musl]

  '@rollup/rollup-linux-loong64-gnu@4.62.2':
    resolution: {integrity: sha512-mQqqAV8QaoSgr9I2fKDLY2BAVvmKjWoGiu/cSYQonsLvtqwEn1E4QYfnCOcp5zoEqNhsDYin1s6jx/VJmrxlZg==}
    cpu: [loong64]
    os: [linux]
    libc: [glibc]

  '@rollup/rollup-linux-loong64-musl@4.62.2':
    resolution: {integrity: sha512-IxKLoxCQ2IWi6bT2akyDUBGsOImDKB+sPp4EsTmwFQ/fMwpCKm8uLSSgP/Kx/QYUgKis6SEZ5/Nlhup0DIA0PQ==}
    cpu: [loong64]
    os: [linux]
    libc: [musl]

  '@rollup/rollup-linux-ppc64-gnu@4.62.2':
    resolution: {integrity: sha512-Mk5ha2RQSgyFfmYYLkBpPnUk8D8FriBxesO1u9O75X0mHgXL1UQcH5Itl2lurWL2tj0RxV9b9tJgipac0hRY9A==}
    cpu: [ppc64]
    os: [linux]
    libc: [glibc]

  '@rollup/rollup-linux-ppc64-musl@4.62.2':
    resolution: {integrity: sha512-CjvEnqJL/0/TQ3TXX3OPIJ/kmBellrWd4heXUmHeJlTnmwjKpSJzoehLaL6Xk0ZnMHBu9dZuFADNOrtjF4v+2w==}
    cpu: [ppc64]
    os: [linux]
    libc: [musl]

  '@rollup/rollup-linux-riscv64-gnu@4.62.2':
    resolution: {integrity: sha512-1SiZbzwdkaDURsew/tSOrooKiYy7EQGT6m8ufavAi9NEyQb/6VuIxFXAL1fqa4iZe3g4NbNk4P7J32z2tw5Mgg==}
    cpu: [riscv64]
    os: [linux]
    libc: [glibc]

  '@rollup/rollup-linux-riscv64-musl@4.62.2':
    resolution: {integrity: sha512-nQts12zJ3NQRoE6uYljOH89v7szzLDvG2JD/vsX+vGXU8w/At1GowTZ5/7qeFQ8m7L55rpR8Okugnuo5bgjy2Q==}
    cpu: [riscv64]
    os: [linux]
    libc: [musl]

  '@rollup/rollup-linux-s390x-gnu@4.62.2':
    resolution: {integrity: sha512-E9/ll019jhPIJgpzfZoIkBGhcz+kKNgVWYRY0zr9srBdPPFVpvOKW8VaJKUbeK+eZXyQF9ltME+Kk6affeaPgg==}
    cpu: [s390x]
    os: [linux]
    libc: [glibc]

  '@rollup/rollup-linux-x64-gnu@4.62.2':
    resolution: {integrity: sha512-5BqxR/pshjey51iliyzTD5Xi3EN0aLmQ2lZ3lvefVV9c82BvrLo2/6OT55iifpWBufs6kdwWbuOKS841DrmK9A==}
    cpu: [x64]
    os: [linux]
    libc: [glibc]

  '@rollup/rollup-linux-x64-musl@4.62.2':
    resolution: {integrity: sha512-uNN83XxQrRAh/w0/pmAfibcwyb6YWt4gP+dpnQKPVJshAloQ785ii8CT8ZCIxkGg9opVsvAlGhFitSm6D1Jjpg==}
    cpu: [x64]
    os: [linux]
    libc: [musl]

  '@rollup/rollup-openbsd-x64@4.62.2':
    resolution: {integrity: sha512-srjEIxSH3LRnJN6THczDHWQplqEMFiAJrTab0msUryh9kwNpkICf3Ea6q6MN/2cZwRFUNx5w+h6Hpi4QuHS6Zg==}
    cpu: [x64]
    os: [openbsd]

  '@rollup/rollup-openharmony-arm64@4.62.2':
    resolution: {integrity: sha512-8hOJnxgbyObnCm5AlRA3A931xX19xq80RjVTKgJOvEKWqJruP/Uf12IbAOaDjjEXYRewwHLfmF0YRIdK3OwKWA==}
    cpu: [arm64]
    os: [openharmony]

  '@rollup/rollup-win32-arm64-msvc@4.62.2':
    resolution: {integrity: sha512-mmF4AY1i0hG/bLWUctUq59gtmgaSIRa3cu/A3JFRp/sCNEme2bgDEiDS22P9FbnJB8NJNF4jPJiSP5RHQpUTDg==}
    cpu: [arm64]
    os: [win32]

  '@rollup/rollup-win32-ia32-msvc@4.62.2':
    resolution: {integrity: sha512-DZgkknc6jhHrk46V25vbAM0zZkyP0nSDkJB8/dRkLTxv470dOmWDqGoEJl/9A0dFfS7yE3REOwNDxpHwSLSt0Q==}
    cpu: [ia32]
    os: [win32]

  '@rollup/rollup-win32-x64-gnu@4.62.2':
    resolution: {integrity: sha512-T6xr6ucWSFto+VGajA8YH26LdpHRuP4YLHEKAtCWvJDOlnmWcDZVCI2Jmjr+IFHDlt2zRaTAKE4tfjTaWLgJBg==}
    cpu: [x64]
    os: [win32]

  '@rollup/rollup-win32-x64-msvc@4.62.2':
    resolution: {integrity: sha512-BfzEnDJOt9T8M989/lA37EcJgat01wLRnoi5dQf3QzOH7jzpqTAzdDbVfRljVr5r+jzKqpbHeyOfAaXxAd0PAA==}
    cpu: [x64]
    os: [win32]

  '@shikijs/core@1.2.0':
    resolution: {integrity: sha512-OlFvx+nyr5C8zpcMBnSGir0YPD6K11uYhouqhNmm1qLiis4GA7SsGtu07r9gKS9omks8RtQqHrJL4S+lqWK01A==}

  '@shikijs/transformers@1.2.0':
    resolution: {integrity: sha512-xKn7DtA65DQV4FOfYsrvqM80xOy2xuXnxWWKsZmHv1VII/IOuDUDsWDu3KnpeLH6wqNJWp1GRoNUsHR1aw/VhQ==}

  '@types/estree@1.0.9':
    resolution: {integrity: sha512-GhdPgy1el4/ImP05X05Uw4cw2/M93BCUmnEvWZNStlCzEKME4Fkk+YpoA5OiHNQmoS7Cafb8Xa3Pya8m1Qrzeg==}

  '@types/linkify-it@3.0.5':
    resolution: {integrity: sha512-yg6E+u0/+Zjva+buc3EIb+29XEg4wltq7cSmd4Uc2EE/1nUVmxyzpX6gUXD0V8jIrG0r7YeOGVIbYRkxeooCtw==}

  '@types/markdown-it@13.0.9':
    resolution: {integrity: sha512-1XPwR0+MgXLWfTn9gCsZ55AHOKW1WN+P9vr0PaQh5aerR9LLQXUbjfEAFhjmEmyoYFWAyuN2Mqkn40MZ4ukjBw==}

  '@types/mdurl@1.0.5':
    resolution: {integrity: sha512-6L6VymKTzYSrEf4Nev4Xa1LCHKrlTlYCBMTlQKFuddo1CvQcE52I0mwfOJayueUC7MJuXOeHTcIU683lzd0cUA==}

  '@types/web-bluetooth@0.0.20':
    resolution: {integrity: sha512-g9gZnnXVq7gM7v3tJCWV/qw7w+KeOlSHAhgF9RytFyifW6AF61hdT2ucrYhPq9hLs5JIryeupHV3qGk95dH9ow==}

  '@vitejs/plugin-vue@5.0.4':
    resolution: {integrity: sha512-WS3hevEszI6CEVEx28F8RjTX97k3KsrcY6kvTg7+Whm5y3oYvcqzVeGCU3hxSAn4uY2CLCkeokkGKpoctccilQ==}
    engines: {node: ^18.0.0 || >=20.0.0}
    peerDependencies:
      vite: ^5.0.0
      vue: ^3.2.25

  '@vue/compiler-core@3.5.39':
    resolution: {integrity: sha512-16KBTEXAJCpDr0mwlw+AZyhu8iyC7R3S2vBwsI7QnWJU6X3WKc9VKeNEZpiMdZ569qWhz9574L3vV55qRL0Vtw==}

  '@vue/compiler-dom@3.5.39':
    resolution: {integrity: sha512-oQPigALqYbNxTNPvNgSOe+czwVExfbVF02lz8jP0S3AXJiu3jxYDygNUiqSep4ezzW8XgnubqH63My2A7JR/vg==}

  '@vue/compiler-sfc@3.5.39':
    resolution: {integrity: sha512-d0ki86iOyN8LoZPBmk5SJWNwHP19CnDDCfuo//+2WJa2g5Ke0Jay983PIBIcSSzldC68I8DrD5GrHV3OSDfodg==}

  '@vue/compiler-ssr@3.5.39':
    resolution: {integrity: sha512-Ce7/wvwMHai74bdszfXExdazFigYnlF9zgCmEQUcM1j0fOymlouZ7XilTYNo8oUjhlnjYOZbGrcYKuqjz89Ucw==}

  '@vue/devtools-api@7.7.10':
    resolution: {integrity: sha512-KxtEpUOOpFz/qOGRrAwA36QF7DqIA+FXgCYit9mk9wjbaZt0sXOFz81ElOZtKA4HbWHUdwNjZHBFsFFyp5BZiA==}

  '@vue/devtools-kit@7.7.10':
    resolution: {integrity: sha512-3WNi2Kq4tbpVbmhml7RiphmAt0279oh3fKNeWMQIrltfX8Q91b4i5PL8DtyNKdwmcsGrV4fg+erwWOmD05CLIw==}

  '@vue/devtools-shared@7.7.10':
    resolution: {integrity: sha512-wOPslzB8vTvpxwdaOcR2qAbwmuSP0L+rhpoC6Cf56V3Jip+HWb7PQQXOUPgBNQARpXsbQX/+mvi8kKucmBGRwQ==}

  '@vue/reactivity@3.5.39':
    resolution: {integrity: sha512-TpsuBJ9gGlZa5d23XcM2y8EXanz9dZeVDQBXRwzy46ItgvM+rWpzs+UVM0wcRLxGvcav0HE5jz2gNL53xlRAog==}

  '@vue/runtime-core@3.5.39':
    resolution: {integrity: sha512-9GLtNyRvPAUMbX+7ono0RC2j0guo2LXVi8LvcmAooImACUKm0oFf0jjwbX8/H0AE/t1nxhAkn8RSl9PMCzzxZw==}

  '@vue/runtime-dom@3.5.39':
    resolution: {integrity: sha512-7Y6aAGboKcXAZ3ECuUy7RrS5yy2r47dhTp2SKaJmYxjopImaVFaNa5Ne66NwGovsrxVAl5S5rwc7m22UG7Lmww==}

  '@vue/server-renderer@3.5.39':
    resolution: {integrity: sha512-yZSakiAGw85rZfG7UM8akMnIF+FmeiNk47uvHf2nVBBSe+dIKUhZuZq9+XgJhbV3nS5Z4ALH23/MpXofW+mbcw==}
    peerDependencies:
      vue: 3.5.39

  '@vue/shared@3.5.39':
    resolution: {integrity: sha512-l1rrBtBfTnmxvtsvdQDXltUUy8S1Y+ZaqdfUzmAnJkTd8Z8rv5v/ytW+TKiqEOWyHPoqtPlNFSs0lhRmYVSHVA==}

  '@vueuse/core@10.9.0':
    resolution: {integrity: sha512-/1vjTol8SXnx6xewDEKfS0Ra//ncg4Hb0DaZiwKf7drgfMsKFExQ+FnnENcN6efPen+1kIzhLQoGSy0eDUVOMg==}

  '@vueuse/integrations@10.9.0':
    resolution: {integrity: sha512-acK+A01AYdWSvL4BZmCoJAcyHJ6EqhmkQEXbQLwev1MY7NBnS+hcEMx/BzVoR9zKI+UqEPMD9u6PsyAuiTRT4Q==}
    peerDependencies:
      async-validator: '*'
      axios: '*'
      change-case: '*'
      drauu: '*'
      focus-trap: '*'
      fuse.js: '*'
      idb-keyval: '*'
      jwt-decode: '*'
      nprogress: '*'
      qrcode: '*'
      sortablejs: '*'
      universal-cookie: '*'
    peerDependenciesMeta:
      async-validator:
        optional: true
      axios:
        optional: true
      change-case:
        optional: true
      drauu:
        optional: true
      focus-trap:
        optional: true
      fuse.js:
        optional: true
      idb-keyval:
        optional: true
      jwt-decode:
        optional: true
      nprogress:
        optional: true
      qrcode:
        optional: true
      sortablejs:
        optional: true
      universal-cookie:
        optional: true

  '@vueuse/metadata@10.9.0':
    resolution: {integrity: sha512-iddNbg3yZM0X7qFY2sAotomgdHK7YJ6sKUvQqbvwnf7TmaVPxS4EJydcNsVejNdS8iWCtDk+fYXr7E32nyTnGA==}

  '@vueuse/shared@10.9.0':
    resolution: {integrity: sha512-Uud2IWncmAfJvRaFYzv5OHDli+FbOzxiVEQdLCKQKLyhz94PIyFC3CHcH7EDMwIn8NPtD06+PNbC/PiO0LGLtw==}

  algoliasearch@4.27.0:
    resolution: {integrity: sha512-C88C5grLa5VOCp9eYZJt+q99ik7yNdm92l7Q9+4XK0Md8kL05Lg8l2v9ZVX0uMW3mH9pAFxMMXlLOvqNumA4lw==}

  async-validator@4.2.5:
    resolution: {integrity: sha512-7HhHjtERjqlNbZtqNqy2rckN/SpOOlmDliet+lP7k+eKZEjPk3DgyeU9lIXLdeLz0uBbbVp+9Qdow9wJWgwwfg==}

  birpc@2.3.0:
    resolution: {integrity: sha512-ijbtkn/F3Pvzb6jHypHRyve2QApOCZDR25D/VnkY2G/lBNcXCTsnsCxgY4k4PkVB7zfwzYbY3O9Lcqe3xufS5g==}

  copy-anything@4.0.5:
    resolution: {integrity: sha512-7Vv6asjS4gMOuILabD3l739tsaxFQmC+a7pLZm02zyvs8p977bL3zEgq3yDk5rn9B0PbYgIv++jmHcuUab4RhA==}
    engines: {node: '>=18'}

  csstype@3.2.3:
    resolution: {integrity: sha512-z1HGKcYy2xA8AGQfwrn0PAy+PB7X/GSj3UVJW9qKyn43xWa+gl5nXmU4qqLMRzWVLFC8KusUX8T/0kCiOYpAIQ==}

  entities@7.0.1:
    resolution: {integrity: sha512-TWrgLOFUQTH994YUyl1yT4uyavY5nNB5muff+RtWaqNVCAK408b5ZnnbNAUEWLTCpum9w6arT70i1XdQ4UeOPA==}
    engines: {node: '>=0.12'}

  esbuild@0.20.1:
    resolution: {integrity: sha512-OJwEgrpWm/PCMsLVWXKqvcjme3bHNpOgN7Tb6cQnR5n0TPbQx1/Xrn7rqM+wn17bYeT6MGB5sn1Bh5YiGi70nA==}
    engines: {node: '>=12'}
    hasBin: true

  estree-walker@2.0.2:
    resolution: {integrity: sha512-Rfkk/Mp/DL7JVje3u18FxFujQlTNR2q6QfMSMB7AvCBx91NGj/ba3kCfza0f6dVDbw7YlRf/nDrn7pQrCCyQ/w==}

  focus-trap@7.8.0:
    resolution: {integrity: sha512-/yNdlIkpWbM0ptxno3ONTuf+2g318kh2ez3KSeZN5dZ8YC6AAmgeWz+GasYYiBJPFaYcSAPeu4GfhUaChzIJXA==}

  fsevents@2.3.3:
    resolution: {integrity: sha512-5xoDfX+fL7faATnagmWPpbFtwh/R77WmMMqqHGS65C3vvB0YHrgF+B1YmZ3441tMj5n63k0212XNoJwzlhffQw==}
    engines: {node: ^8.16.0 || ^10.6.0 || >=11.0.0}
    os: [darwin]

  hookable@5.5.3:
    resolution: {integrity: sha512-Yc+BQe8SvoXH1643Qez1zqLRmbA5rCL+sSmk6TVos0LWVfNIB7PGncdlId77WzLGSIB5KaWgTaNTs2lNVEI6VQ==}

  is-what@5.5.0:
    resolution: {integrity: sha512-oG7cgbmg5kLYae2N5IVd3jm2s+vldjxJzK1pcu9LfpGuQ93MQSzo0okvRna+7y5ifrD+20FE8FvjusyGaz14fw==}
    engines: {node: '>=18'}

  magic-string@0.30.21:
    resolution: {integrity: sha512-vd2F4YUyEXKGcLHoq+TEyCjxueSeHnFxyyjNp80yg0XV4vUhnDer/lvvlqM/arB5bXQN5K2/3oinyCRyx8T2CQ==}

  mark.js@8.11.1:
    resolution: {integrity: sha512-1I+1qpDt4idfgLQG+BNWmrqku+7/2bi5nLf4YwF8y8zXvmfiTBY3PV3ZibfrjBueCByROpuBjLLFCajqkgYoLQ==}

  medium-zoom@1.1.0:
    resolution: {integrity: sha512-ewyDsp7k4InCUp3jRmwHBRFGyjBimKps/AJLjRSox+2q/2H4p/PNpQf+pwONWlJiOudkBXtbdmVbFjqyybfTmQ==}

  minisearch@6.3.0:
    resolution: {integrity: sha512-ihFnidEeU8iXzcVHy74dhkxh/dn8Dc08ERl0xwoMMGqp4+LvRSCgicb+zGqWthVokQKvCSxITlh3P08OzdTYCQ==}

  mitt@3.0.1:
    resolution: {integrity: sha512-vKivATfr97l2/QBCYAkXYDbrIWPM2IIKEl7YPhjCvKlG3kE2gm+uBo6nEXK3M5/Ffh/FLpKExzOQ3JJoJGFKBw==}

  nanoid@3.3.15:
    resolution: {integrity: sha512-y7Wygv/7mEOvxTuEQDB8StXdMRBWf1kR/tlhAzBRUFkB2jfcLOAxO/SHmOO2zgz1pVgK29/kyupn059/bCHdjA==}
    engines: {node: ^10 || ^12 || ^13.7 || ^14 || >=15.0.1}
    hasBin: true

  perfect-debounce@1.0.0:
    resolution: {integrity: sha512-xCy9V055GLEqoFaHoC1SoLIaLmWctgCUaBaWxDZ7/Zx4CTyX7cJQLJOok/orfjZAh9kEYpjJa4d0KcJmCbctZA==}

  picocolors@1.1.1:
    resolution: {integrity: sha512-xceH2snhtb5M9liqDsmEw56le376mTZkEX/jEb/RxNFyegNul7eNslCXP9FDj/Lcu0X8KEyMceP2ntpaHrDEVA==}

  postcss@8.5.16:
    resolution: {integrity: sha512-vuwillviilfKZsg0VGj5R/YwwcHx4SLsIOI/7K6mQkWx+l5cUHTjj5g0AasTBcyXsbfTgrwsUNmVUb5xVwyPwg==}
    engines: {node: ^10 || ^12 || >=14}

  preact@10.29.7:
    resolution: {integrity: sha512-DCHYrK/B10yUD3ZjLfhZ3WIE/9Vf9VFUODcRE2dRomTYDpJk6z6L9wecSfhfE6M9ZTHUdyQkoC46arIDhEV84Q==}
    peerDependencies:
      preact-render-to-string: '>=5'
    peerDependenciesMeta:
      preact-render-to-string:
        optional: true

  rfdc@1.4.1:
    resolution: {integrity: sha512-q1b3N5QkRUWUl7iyylaaj3kOpIT0N2i9MqIEQXP73GVsN9cw3fdx8X63cEmWhJGi2PPCF23Ijp7ktmd39rawIA==}

  rollup@4.62.2:
    resolution: {integrity: sha512-RFnrW4lhXA3s3eqHDZvN654g8OTjzRfqpIRJYczCGB6HzphckVAi/Qh4tbPUbRuDi7s1Llv8g/NspLkttY3gTA==}
    engines: {node: '>=18.0.0', npm: '>=8.0.0'}
    hasBin: true

  search-insights@2.17.3:
    resolution: {integrity: sha512-RQPdCYTa8A68uM2jwxoY842xDhvx3E5LFL1LxvxCNMev4o5mLuokczhzjAgGwUZBAmOKZknArSxLKmXtIi2AxQ==}

  shiki@1.2.0:
    resolution: {integrity: sha512-xLhiTMOIUXCv5DqJ4I70GgQCtdlzsTqFLZWcMHHG3TAieBUbvEGthdrlPDlX4mL/Wszx9C6rEcxU6kMlg4YlxA==}

  source-map-js@1.2.1:
    resolution: {integrity: sha512-UXWMKhLOwVKb728IUtQPXxfYU+usdybtUrK/8uGE8CQMvrhOpwvzDBwj0QhSL7MQc7vIsISBG8VQ8+IDQxpfQA==}
    engines: {node: '>=0.10.0'}

  speakingurl@14.0.1:
    resolution: {integrity: sha512-1POYv7uv2gXoyGFpBCmpDVSNV74IfsWlDW216UPjbWufNf+bSU6GdbDsxdcxtfwb4xlI3yxzOTKClUosxARYrQ==}
    engines: {node: '>=0.10.0'}

  superjson@2.2.6:
    resolution: {integrity: sha512-H+ue8Zo4vJmV2nRjpx86P35lzwDT3nItnIsocgumgr0hHMQ+ZGq5vrERg9kJBo5AWGmxZDhzDo+WVIJqkB0cGA==}
    engines: {node: '>=16'}

  tabbable@6.5.0:
    resolution: {integrity: sha512-wieBHXygIm7OyQOu5hQlkk62/WyCFYGlWg7L6/ZCUZwx0o398Zkn4pVmMyfYhfMG8kGrj/Krt8eIk6UKC6VzwA==}

  vite@5.2.2:
    resolution: {integrity: sha512-FWZbz0oSdLq5snUI0b6sULbz58iXFXdvkZfZWR/F0ZJuKTSPO7v72QPXt6KqYeMFb0yytNp6kZosxJ96Nr/wDQ==}
    engines: {node: ^18.0.0 || >=20.0.0}
    hasBin: true
    peerDependencies:
      '@types/node': ^18.0.0 || >=20.0.0
      less: '*'
      lightningcss: ^1.21.0
      sass: '*'
      stylus: '*'
      sugarss: '*'
      terser: ^5.4.0
    peerDependenciesMeta:
      '@types/node':
        optional: true
      less:
        optional: true
      lightningcss:
        optional: true
      sass:
        optional: true
      stylus:
        optional: true
      sugarss:
        optional: true
      terser:
        optional: true

  vitepress@1.0.1:
    resolution: {integrity: sha512-eNr5pOBppYUUjEhv8S0S2t9Tv95LQ6mMeHj6ivaGwfHxpov70Vduuwl/QQMDRznKDSaP0WKV7a82Pb4JVOaqEw==}
    hasBin: true
    peerDependencies:
      markdown-it-mathjax3: ^4
      postcss: ^8
    peerDependenciesMeta:
      markdown-it-mathjax3:
        optional: true
      postcss:
        optional: true

  vue-demi@0.14.10:
    resolution: {integrity: sha512-nMZBOwuzabUO0nLgIcc6rycZEebF6eeUfaiQx9+WSk8e29IbLvPU9feI6tqW4kTo3hvoYAJkMh8n8D0fuISphg==}
    engines: {node: '>=12'}
    hasBin: true
    peerDependencies:
      '@vue/composition-api': ^1.0.0-rc.1
      vue: ^3.0.0-0 || ^2.6.0
    peerDependenciesMeta:
      '@vue/composition-api':
        optional: true

  vue@3.5.39:
    resolution: {integrity: sha512-xmZCYabFGcirU8r0fTuvl/LICc1OU620rnqepaJDL/a141ZigkG7AyaxQLdqJ02ZRYzWe6YPaDHeQx7MfknQfA==}
    peerDependencies:
      typescript: '*'
    peerDependenciesMeta:
      typescript:
        optional: true

snapshots:

  '@algolia/autocomplete-core@1.9.3(@algolia/client-search@4.27.0)(algoliasearch@4.27.0)(search-insights@2.17.3)':
    dependencies:
      '@algolia/autocomplete-plugin-algolia-insights': 1.9.3(@algolia/client-search@4.27.0)(algoliasearch@4.27.0)(search-insights@2.17.3)
      '@algolia/autocomplete-shared': 1.9.3(@algolia/client-search@4.27.0)(algoliasearch@4.27.0)
    transitivePeerDependencies:
      - '@algolia/client-search'
      - algoliasearch
      - search-insights

  '@algolia/autocomplete-plugin-algolia-insights@1.9.3(@algolia/client-search@4.27.0)(algoliasearch@4.27.0)(search-insights@2.17.3)':
    dependencies:
      '@algolia/autocomplete-shared': 1.9.3(@algolia/client-search@4.27.0)(algoliasearch@4.27.0)
      search-insights: 2.17.3
    transitivePeerDependencies:
      - '@algolia/client-search'
      - algoliasearch

  '@algolia/autocomplete-preset-algolia@1.9.3(@algolia/client-search@4.27.0)(algoliasearch@4.27.0)':
    dependencies:
      '@algolia/autocomplete-shared': 1.9.3(@algolia/client-search@4.27.0)(algoliasearch@4.27.0)
      '@algolia/client-search': 4.27.0
      algoliasearch: 4.27.0

  '@algolia/autocomplete-shared@1.9.3(@algolia/client-search@4.27.0)(algoliasearch@4.27.0)':
    dependencies:
      '@algolia/client-search': 4.27.0
      algoliasearch: 4.27.0

  '@algolia/cache-browser-local-storage@4.27.0':
    dependencies:
      '@algolia/cache-common': 4.27.0

  '@algolia/cache-common@4.27.0': {}

  '@algolia/cache-in-memory@4.27.0':
    dependencies:
      '@algolia/cache-common': 4.27.0

  '@algolia/client-account@4.27.0':
    dependencies:
      '@algolia/client-common': 4.27.0
      '@algolia/client-search': 4.27.0
      '@algolia/transporter': 4.27.0

  '@algolia/client-analytics@4.27.0':
    dependencies:
      '@algolia/client-common': 4.27.0
      '@algolia/client-search': 4.27.0
      '@algolia/requester-common': 4.27.0
      '@algolia/transporter': 4.27.0

  '@algolia/client-common@4.27.0':
    dependencies:
      '@algolia/requester-common': 4.27.0
      '@algolia/transporter': 4.27.0

  '@algolia/client-personalization@4.27.0':
    dependencies:
      '@algolia/client-common': 4.27.0
      '@algolia/requester-common': 4.27.0
      '@algolia/transporter': 4.27.0

  '@algolia/client-search@4.27.0':
    dependencies:
      '@algolia/client-common': 4.27.0
      '@algolia/requester-common': 4.27.0
      '@algolia/transporter': 4.27.0

  '@algolia/logger-common@4.27.0': {}

  '@algolia/logger-console@4.27.0':
    dependencies:
      '@algolia/logger-common': 4.27.0

  '@algolia/recommend@4.27.0':
    dependencies:
      '@algolia/cache-browser-local-storage': 4.27.0
      '@algolia/cache-common': 4.27.0
      '@algolia/cache-in-memory': 4.27.0
      '@algolia/client-common': 4.27.0
      '@algolia/client-search': 4.27.0
      '@algolia/logger-common': 4.27.0
      '@algolia/logger-console': 4.27.0
      '@algolia/requester-browser-xhr': 4.27.0
      '@algolia/requester-common': 4.27.0
      '@algolia/requester-node-http': 4.27.0
      '@algolia/transporter': 4.27.0

  '@algolia/requester-browser-xhr@4.27.0':
    dependencies:
      '@algolia/requester-common': 4.27.0

  '@algolia/requester-common@4.27.0': {}

  '@algolia/requester-node-http@4.27.0':
    dependencies:
      '@algolia/requester-common': 4.27.0

  '@algolia/transporter@4.27.0':
    dependencies:
      '@algolia/cache-common': 4.27.0
      '@algolia/logger-common': 4.27.0
      '@algolia/requester-common': 4.27.0

  '@babel/helper-string-parser@7.29.7': {}

  '@babel/helper-validator-identifier@7.29.7': {}

  '@babel/parser@7.29.7':
    dependencies:
      '@babel/types': 7.29.7

  '@babel/types@7.29.7':
    dependencies:
      '@babel/helper-string-parser': 7.29.7
      '@babel/helper-validator-identifier': 7.29.7

  '@docsearch/css@3.6.0': {}

  '@docsearch/js@3.6.0(@algolia/client-search@4.27.0)(search-insights@2.17.3)':
    dependencies:
      '@docsearch/react': 3.6.0(@algolia/client-search@4.27.0)(search-insights@2.17.3)
      preact: 10.29.7
    transitivePeerDependencies:
      - '@algolia/client-search'
      - '@types/react'
      - preact-render-to-string
      - react
      - react-dom
      - search-insights

  '@docsearch/react@3.6.0(@algolia/client-search@4.27.0)(search-insights@2.17.3)':
    dependencies:
      '@algolia/autocomplete-core': 1.9.3(@algolia/client-search@4.27.0)(algoliasearch@4.27.0)(search-insights@2.17.3)
      '@algolia/autocomplete-preset-algolia': 1.9.3(@algolia/client-search@4.27.0)(algoliasearch@4.27.0)
      '@docsearch/css': 3.6.0
      algoliasearch: 4.27.0
    optionalDependencies:
      search-insights: 2.17.3
    transitivePeerDependencies:
      - '@algolia/client-search'

  '@esbuild/aix-ppc64@0.20.1':
    optional: true

  '@esbuild/android-arm64@0.20.1':
    optional: true

  '@esbuild/android-arm@0.20.1':
    optional: true

  '@esbuild/android-x64@0.20.1':
    optional: true

  '@esbuild/darwin-arm64@0.20.1':
    optional: true

  '@esbuild/darwin-x64@0.20.1':
    optional: true

  '@esbuild/freebsd-arm64@0.20.1':
    optional: true

  '@esbuild/freebsd-x64@0.20.1':
    optional: true

  '@esbuild/linux-arm64@0.20.1':
    optional: true

  '@esbuild/linux-arm@0.20.1':
    optional: true

  '@esbuild/linux-ia32@0.20.1':
    optional: true

  '@esbuild/linux-loong64@0.20.1':
    optional: true

  '@esbuild/linux-mips64el@0.20.1':
    optional: true

  '@esbuild/linux-ppc64@0.20.1':
    optional: true

  '@esbuild/linux-riscv64@0.20.1':
    optional: true

  '@esbuild/linux-s390x@0.20.1':
    optional: true

  '@esbuild/linux-x64@0.20.1':
    optional: true

  '@esbuild/netbsd-x64@0.20.1':
    optional: true

  '@esbuild/openbsd-x64@0.20.1':
    optional: true

  '@esbuild/sunos-x64@0.20.1':
    optional: true

  '@esbuild/win32-arm64@0.20.1':
    optional: true

  '@esbuild/win32-ia32@0.20.1':
    optional: true

  '@esbuild/win32-x64@0.20.1':
    optional: true

  '@jridgewell/sourcemap-codec@1.5.5': {}

  '@rollup/rollup-android-arm-eabi@4.62.2':
    optional: true

  '@rollup/rollup-android-arm64@4.62.2':
    optional: true

  '@rollup/rollup-darwin-arm64@4.62.2':
    optional: true

  '@rollup/rollup-darwin-x64@4.62.2':
    optional: true

  '@rollup/rollup-freebsd-arm64@4.62.2':
    optional: true

  '@rollup/rollup-freebsd-x64@4.62.2':
    optional: true

  '@rollup/rollup-linux-arm-gnueabihf@4.62.2':
    optional: true

  '@rollup/rollup-linux-arm-musleabihf@4.62.2':
    optional: true

  '@rollup/rollup-linux-arm64-gnu@4.62.2':
    optional: true

  '@rollup/rollup-linux-arm64-musl@4.62.2':
    optional: true

  '@rollup/rollup-linux-loong64-gnu@4.62.2':
    optional: true

  '@rollup/rollup-linux-loong64-musl@4.62.2':
    optional: true

  '@rollup/rollup-linux-ppc64-gnu@4.62.2':
    optional: true

  '@rollup/rollup-linux-ppc64-musl@4.62.2':
    optional: true

  '@rollup/rollup-linux-riscv64-gnu@4.62.2':
    optional: true

  '@rollup/rollup-linux-riscv64-musl@4.62.2':
    optional: true

  '@rollup/rollup-linux-s390x-gnu@4.62.2':
    optional: true

  '@rollup/rollup-linux-x64-gnu@4.62.2':
    optional: true

  '@rollup/rollup-linux-x64-musl@4.62.2':
    optional: true

  '@rollup/rollup-openbsd-x64@4.62.2':
    optional: true

  '@rollup/rollup-openharmony-arm64@4.62.2':
    optional: true

  '@rollup/rollup-win32-arm64-msvc@4.62.2':
    optional: true

  '@rollup/rollup-win32-ia32-msvc@4.62.2':
    optional: true

  '@rollup/rollup-win32-x64-gnu@4.62.2':
    optional: true

  '@rollup/rollup-win32-x64-msvc@4.62.2':
    optional: true

  '@shikijs/core@1.2.0': {}

  '@shikijs/transformers@1.2.0':
    dependencies:
      shiki: 1.2.0

  '@types/estree@1.0.9': {}

  '@types/linkify-it@3.0.5': {}

  '@types/markdown-it@13.0.9':
    dependencies:
      '@types/linkify-it': 3.0.5
      '@types/mdurl': 1.0.5

  '@types/mdurl@1.0.5': {}

  '@types/web-bluetooth@0.0.20': {}

  '@vitejs/plugin-vue@5.0.4(vite@5.2.2)(vue@3.5.39)':
    dependencies:
      vite: 5.2.2
      vue: 3.5.39

  '@vue/compiler-core@3.5.39':
    dependencies:
      '@babel/parser': 7.29.7
      '@vue/shared': 3.5.39
      entities: 7.0.1
      estree-walker: 2.0.2
      source-map-js: 1.2.1

  '@vue/compiler-dom@3.5.39':
    dependencies:
      '@vue/compiler-core': 3.5.39
      '@vue/shared': 3.5.39

  '@vue/compiler-sfc@3.5.39':
    dependencies:
      '@babel/parser': 7.29.7
      '@vue/compiler-core': 3.5.39
      '@vue/compiler-dom': 3.5.39
      '@vue/compiler-ssr': 3.5.39
      '@vue/shared': 3.5.39
      estree-walker: 2.0.2
      magic-string: 0.30.21
      postcss: 8.5.16
      source-map-js: 1.2.1

  '@vue/compiler-ssr@3.5.39':
    dependencies:
      '@vue/compiler-dom': 3.5.39
      '@vue/shared': 3.5.39

  '@vue/devtools-api@7.7.10':
    dependencies:
      '@vue/devtools-kit': 7.7.10

  '@vue/devtools-kit@7.7.10':
    dependencies:
      '@vue/devtools-shared': 7.7.10
      birpc: 2.3.0
      hookable: 5.5.3
      mitt: 3.0.1
      perfect-debounce: 1.0.0
      speakingurl: 14.0.1
      superjson: 2.2.6

  '@vue/devtools-shared@7.7.10':
    dependencies:
      rfdc: 1.4.1

  '@vue/reactivity@3.5.39':
    dependencies:
      '@vue/shared': 3.5.39

  '@vue/runtime-core@3.5.39':
    dependencies:
      '@vue/reactivity': 3.5.39
      '@vue/shared': 3.5.39

  '@vue/runtime-dom@3.5.39':
    dependencies:
      '@vue/reactivity': 3.5.39
      '@vue/runtime-core': 3.5.39
      '@vue/shared': 3.5.39
      csstype: 3.2.3

  '@vue/server-renderer@3.5.39(vue@3.5.39)':
    dependencies:
      '@vue/compiler-ssr': 3.5.39
      '@vue/shared': 3.5.39
      vue: 3.5.39

  '@vue/shared@3.5.39': {}

  '@vueuse/core@10.9.0(vue@3.5.39)':
    dependencies:
      '@types/web-bluetooth': 0.0.20
      '@vueuse/metadata': 10.9.0
      '@vueuse/shared': 10.9.0(vue@3.5.39)
      vue-demi: 0.14.10(vue@3.5.39)
    transitivePeerDependencies:
      - '@vue/composition-api'
      - vue

  '@vueuse/integrations@10.9.0(async-validator@4.2.5)(focus-trap@7.8.0)(vue@3.5.39)':
    dependencies:
      '@vueuse/core': 10.9.0(vue@3.5.39)
      '@vueuse/shared': 10.9.0(vue@3.5.39)
      vue-demi: 0.14.10(vue@3.5.39)
    optionalDependencies:
      async-validator: 4.2.5
      focus-trap: 7.8.0
    transitivePeerDependencies:
      - '@vue/composition-api'
      - vue

  '@vueuse/metadata@10.9.0': {}

  '@vueuse/shared@10.9.0(vue@3.5.39)':
    dependencies:
      vue-demi: 0.14.10(vue@3.5.39)
    transitivePeerDependencies:
      - '@vue/composition-api'
      - vue

  algoliasearch@4.27.0:
    dependencies:
      '@algolia/cache-browser-local-storage': 4.27.0
      '@algolia/cache-common': 4.27.0
      '@algolia/cache-in-memory': 4.27.0
      '@algolia/client-account': 4.27.0
      '@algolia/client-analytics': 4.27.0
      '@algolia/client-common': 4.27.0
      '@algolia/client-personalization': 4.27.0
      '@algolia/client-search': 4.27.0
      '@algolia/logger-common': 4.27.0
      '@algolia/logger-console': 4.27.0
      '@algolia/recommend': 4.27.0
      '@algolia/requester-browser-xhr': 4.27.0
      '@algolia/requester-common': 4.27.0
      '@algolia/requester-node-http': 4.27.0
      '@algolia/transporter': 4.27.0

  async-validator@4.2.5:
    optional: true

  birpc@2.3.0: {}

  copy-anything@4.0.5:
    dependencies:
      is-what: 5.5.0

  csstype@3.2.3: {}

  entities@7.0.1: {}

  esbuild@0.20.1:
    optionalDependencies:
      '@esbuild/aix-ppc64': 0.20.1
      '@esbuild/android-arm': 0.20.1
      '@esbuild/android-arm64': 0.20.1
      '@esbuild/android-x64': 0.20.1
      '@esbuild/darwin-arm64': 0.20.1
      '@esbuild/darwin-x64': 0.20.1
      '@esbuild/freebsd-arm64': 0.20.1
      '@esbuild/freebsd-x64': 0.20.1
      '@esbuild/linux-arm': 0.20.1
      '@esbuild/linux-arm64': 0.20.1
      '@esbuild/linux-ia32': 0.20.1
      '@esbuild/linux-loong64': 0.20.1
      '@esbuild/linux-mips64el': 0.20.1
      '@esbuild/linux-ppc64': 0.20.1
      '@esbuild/linux-riscv64': 0.20.1
      '@esbuild/linux-s390x': 0.20.1
      '@esbuild/linux-x64': 0.20.1
      '@esbuild/netbsd-x64': 0.20.1
      '@esbuild/openbsd-x64': 0.20.1
      '@esbuild/sunos-x64': 0.20.1
      '@esbuild/win32-arm64': 0.20.1
      '@esbuild/win32-ia32': 0.20.1
      '@esbuild/win32-x64': 0.20.1

  estree-walker@2.0.2: {}

  focus-trap@7.8.0:
    dependencies:
      tabbable: 6.5.0

  fsevents@2.3.3:
    optional: true

  hookable@5.5.3: {}

  is-what@5.5.0: {}

  magic-string@0.30.21:
    dependencies:
      '@jridgewell/sourcemap-codec': 1.5.5

  mark.js@8.11.1: {}

  medium-zoom@1.1.0: {}

  minisearch@6.3.0: {}

  mitt@3.0.1: {}

  nanoid@3.3.15: {}

  perfect-debounce@1.0.0: {}

  picocolors@1.1.1: {}

  postcss@8.5.16:
    dependencies:
      nanoid: 3.3.15
      picocolors: 1.1.1
      source-map-js: 1.2.1

  preact@10.29.7: {}

  rfdc@1.4.1: {}

  rollup@4.62.2:
    dependencies:
      '@types/estree': 1.0.9
    optionalDependencies:
      '@rollup/rollup-android-arm-eabi': 4.62.2
      '@rollup/rollup-android-arm64': 4.62.2
      '@rollup/rollup-darwin-arm64': 4.62.2
      '@rollup/rollup-darwin-x64': 4.62.2
      '@rollup/rollup-freebsd-arm64': 4.62.2
      '@rollup/rollup-freebsd-x64': 4.62.2
      '@rollup/rollup-linux-arm-gnueabihf': 4.62.2
      '@rollup/rollup-linux-arm-musleabihf': 4.62.2
      '@rollup/rollup-linux-arm64-gnu': 4.62.2
      '@rollup/rollup-linux-arm64-musl': 4.62.2
      '@rollup/rollup-linux-loong64-gnu': 4.62.2
      '@rollup/rollup-linux-loong64-musl': 4.62.2
      '@rollup/rollup-linux-ppc64-gnu': 4.62.2
      '@rollup/rollup-linux-ppc64-musl': 4.62.2
      '@rollup/rollup-linux-riscv64-gnu': 4.62.2
      '@rollup/rollup-linux-riscv64-musl': 4.62.2
      '@rollup/rollup-linux-s390x-gnu': 4.62.2
      '@rollup/rollup-linux-x64-gnu': 4.62.2
      '@rollup/rollup-linux-x64-musl': 4.62.2
      '@rollup/rollup-openbsd-x64': 4.62.2
      '@rollup/rollup-openharmony-arm64': 4.62.2
      '@rollup/rollup-win32-arm64-msvc': 4.62.2
      '@rollup/rollup-win32-ia32-msvc': 4.62.2
      '@rollup/rollup-win32-x64-gnu': 4.62.2
      '@rollup/rollup-win32-x64-msvc': 4.62.2
      fsevents: 2.3.3

  search-insights@2.17.3: {}

  shiki@1.2.0:
    dependencies:
      '@shikijs/core': 1.2.0

  source-map-js@1.2.1: {}

  speakingurl@14.0.1: {}

  superjson@2.2.6:
    dependencies:
      copy-anything: 4.0.5

  tabbable@6.5.0: {}

  vite@5.2.2:
    dependencies:
      esbuild: 0.20.1
      postcss: 8.5.16
      rollup: 4.62.2
    optionalDependencies:
      fsevents: 2.3.3

  vitepress@1.0.1(@algolia/client-search@4.27.0)(async-validator@4.2.5)(postcss@8.5.16)(search-insights@2.17.3):
    dependencies:
      '@docsearch/css': 3.6.0
      '@docsearch/js': 3.6.0(@algolia/client-search@4.27.0)(search-insights@2.17.3)
      '@shikijs/core': 1.2.0
      '@shikijs/transformers': 1.2.0
      '@types/markdown-it': 13.0.9
      '@vitejs/plugin-vue': 5.0.4(vite@5.2.2)(vue@3.5.39)
      '@vue/devtools-api': 7.7.10
      '@vueuse/core': 10.9.0(vue@3.5.39)
      '@vueuse/integrations': 10.9.0(async-validator@4.2.5)(focus-trap@7.8.0)(vue@3.5.39)
      focus-trap: 7.8.0
      mark.js: 8.11.1
      minisearch: 6.3.0
      shiki: 1.2.0
      vite: 5.2.2
      vue: 3.5.39
    optionalDependencies:
      postcss: 8.5.16
    transitivePeerDependencies:
      - '@algolia/client-search'
      - '@types/node'
      - '@types/react'
      - '@vue/composition-api'
      - async-validator
      - axios
      - change-case
      - drauu
      - fuse.js
      - idb-keyval
      - jwt-decode
      - less
      - lightningcss
      - nprogress
      - preact-render-to-string
      - qrcode
      - react
      - react-dom
      - sass
      - search-insights
      - sortablejs
      - stylus
      - sugarss
      - terser
      - typescript
      - universal-cookie

  vue-demi@0.14.10(vue@3.5.39):
    dependencies:
      vue: 3.5.39

  vue@3.5.39:
    dependencies:
      '@vue/compiler-dom': 3.5.39
      '@vue/compiler-sfc': 3.5.39
      '@vue/runtime-dom': 3.5.39
      '@vue/server-renderer': 3.5.39(vue@3.5.39)
      '@vue/shared': 3.5.39
